
Microsoft Visual Studio Solution File, Format Version 12.00
# Visual Studio Version 16
VisualStudioVersion = 16.0.31129.286
MinimumVisualStudioVersion = 10.0.40219.1
Project("{9A19103F-16F7-4668-BE54-9A1E7A4F7556}") = "Project.Api", "Project.Api\Project.Api.csproj", "{D44EE679-977B-431A-BB97-2EC7910C767C}"
EndProject
Project("{9A19103F-16F7-4668-BE54-9A1E7A4F7556}") = "Project.TaskManager", "Project.TaskManager\Project.TaskManager.csproj", "{DAD08EDA-09A6-458A-8582-27B7EC2D73CE}"
EndProject
Project("{9A19103F-16F7-4668-BE54-9A1E7A4F7556}") = "Project.Service", "Project.Service\Project.Service.csproj", "{6C968517-4B7E-4476-99C7-71209B8237F0}"
EndProject
Project("{9A19103F-16F7-4668-BE54-9A1E7A4F7556}") = "Project.Data", "Project.Data\Project.Data.csproj", "{F004BA34-5582-4AF0-984F-6C9F8F38C6C8}"
EndProject
Project("{9A19103F-16F7-4668-BE54-9A1E7A4F7556}") = "Project.Common", "Project.Common\Project.Common.csproj", "{4C004616-A968-44F8-BC64-37109C33729A}"
EndProject
Project("{9A19103F-16F7-4668-BE54-9A1E7A4F7556}") = "Project.UnitTest", "Project.UnitTest\Project.UnitTest.csproj", "{6FE4694D-4CE7-4AB6-824F-4DC536E5E1FF}"
EndProject
Project("{FAE04EC0-301F-11D3-BF4B-00C04F79EFBC}") = "Project.Business", "Project.Business\Project.Business.csproj", "{3244F983-16B7-49EE-B278-78C8ACA9ECB5}"
EndProject
Global
	GlobalSection(SolutionConfigurationPlatforms) = preSolution
		Debug|Any CPU = Debug|Any CPU
		Release|Any CPU = Release|Any CPU
	EndGlobalSection
	GlobalSection(ProjectConfigurationPlatforms) = postSolution
		{D44EE679-977B-431A-BB97-2EC7910C767C}.Debug|Any CPU.ActiveCfg = Debug|Any CPU
		{D44EE679-977B-431A-BB97-2EC7910C767C}.Debug|Any CPU.Build.0 = Debug|Any CPU
		{D44EE679-977B-431A-BB97-2EC7910C767C}.Release|Any CPU.ActiveCfg = Release|Any CPU
		{D44EE679-977B-431A-BB97-2EC7910C767C}.Release|Any CPU.Build.0 = Release|Any CPU
		{DAD08EDA-09A6-458A-8582-27B7EC2D73CE}.Debug|Any CPU.ActiveCfg = Debug|Any CPU
		{DAD08EDA-09A6-458A-8582-27B7EC2D73CE}.Debug|Any CPU.Build.0 = Debug|Any CPU
		{DAD08EDA-09A6-458A-8582-27B7EC2D73CE}.Release|Any CPU.ActiveCfg = Release|Any CPU
		{DAD08EDA-09A6-458A-8582-27B7EC2D73CE}.Release|Any CPU.Build.0 = Release|Any CPU
		{6C968517-4B7E-4476-99C7-71209B8237F0}.Debug|Any CPU.ActiveCfg = Debug|Any CPU
		{6C968517-4B7E-4476-99C7-71209B8237F0}.Debug|Any CPU.Build.0 = Debug|Any CPU
		{6C968517-4B7E-4476-99C7-71209B8237F0}.Release|Any CPU.ActiveCfg = Release|Any CPU
		{6C968517-4B7E-4476-99C7-71209B8237F0}.Release|Any CPU.Build.0 = Release|Any CPU
		{F004BA34-5582-4AF0-984F-6C9F8F38C6C8}.Debug|Any CPU.ActiveCfg = Debug|Any CPU
		{F004BA34-5582-4AF0-984F-6C9F8F38C6C8}.Debug|Any CPU.Build.0 = Debug|Any CPU
		{F004BA34-5582-4AF0-984F-6C9F8F38C6C8}.Release|Any CPU.ActiveCfg = Release|Any CPU
		{F004BA34-5582-4AF0-984F-6C9F8F38C6C8}.Release|Any CPU.Build.0 = Release|Any CPU
		{4C004616-A968-44F8-BC64-37109C33729A}.Debug|Any CPU.ActiveCfg = Debug|Any CPU
		{4C004616-A968-44F8-BC64-37109C33729A}.Debug|Any CPU.Build.0 = Debug|Any CPU
		{4C004616-A968-44F8-BC64-37109C33729A}.Release|Any CPU.ActiveCfg = Release|Any CPU
		{4C004616-A968-44F8-BC64-37109C33729A}.Release|Any CPU.Build.0 = Release|Any CPU
		{6FE4694D-4CE7-4AB6-824F-4DC536E5E1FF}.Debug|Any CPU.ActiveCfg = Debug|Any CPU
		{6FE4694D-4CE7-4AB6-824F-4DC536E5E1FF}.Debug|Any CPU.Build.0 = Debug|Any CPU
		{6FE4694D-4CE7-4AB6-824F-4DC536E5E1FF}.Release|Any CPU.ActiveCfg = Release|Any CPU
		{6FE4694D-4CE7-4AB6-824F-4DC536E5E1FF}.Release|Any CPU.Build.0 = Release|Any CPU
		{3244F983-16B7-49EE-B278-78C8ACA9ECB5}.Debug|Any CPU.ActiveCfg = Debug|Any CPU
		{3244F983-16B7-49EE-B278-78C8ACA9ECB5}.Debug|Any CPU.Build.0 = Debug|Any CPU
		{3244F983-16B7-49EE-B278-78C8ACA9ECB5}.Release|Any CPU.ActiveCfg = Release|Any CPU
		{3244F983-16B7-49EE-B278-78C8ACA9ECB5}.Release|Any CPU.Build.0 = Release|Any CPU
	EndGlobalSection
	GlobalSection(SolutionProperties) = preSolution
		HideSolutionNode = FALSE
	EndGlobalSection
	GlobalSection(ExtensibilityGlobals) = postSolution
		SolutionGuid = {B0DFAB78-6577-40BA-8419-E674B4EAEB18}
	EndGlobalSection
EndGlobal
